
Microsoft Visual Studio Solution File, Format Version 12.00
# Visual Studio Version 16
VisualStudioVersion = 16.0.31321.278
MinimumVisualStudioVersion = 10.0.40219.1
Project("{FAE04EC0-301F-11D3-BF4B-00C04F79EFBC}") = "MvcDonativosMetricas", "MvcDonativosMetricas\MvcDonativosMetricas.csproj", "{F4CB9CDA-5DF0-422F-B916-71ECEC6E4F1A}"
EndProject
Global
	GlobalSection(SolutionConfigurationPlatforms) = preSolution
		Debug|Any CPU = Debug|Any CPU
		Release|Any CPU = Release|Any CPU
	EndGlobalSection
	GlobalSection(ProjectConfigurationPlatforms) = postSolution
		{F4CB9CDA-5DF0-422F-B916-71ECEC6E4F1A}.Debug|Any CPU.ActiveCfg = Debug|Any CPU
		{F4CB9CDA-5DF0-422F-B916-71ECEC6E4F1A}.Debug|Any CPU.Build.0 = Debug|Any CPU
		{F4CB9CDA-5DF0-422F-B916-71ECEC6E4F1A}.Release|Any CPU.ActiveCfg = Release|Any CPU
		{F4CB9CDA-5DF0-422F-B916-71ECEC6E4F1A}.Release|Any CPU.Build.0 = Release|Any CPU
	EndGlobalSection
	GlobalSection(SolutionProperties) = preSolution
		HideSolutionNode = FALSE
	EndGlobalSection
	GlobalSection(ExtensibilityGlobals) = postSolution
		SolutionGuid = {0C9329CD-7975-4040-B280-B5530E8B90F6}
	EndGlobalSection
EndGlobal
