
Microsoft Visual Studio Solution File, Format Version 12.00
# Visual Studio Version 16
VisualStudioVersion = 16.0.31321.278
MinimumVisualStudioVersion = 10.0.40219.1
Project("{FAE04EC0-301F-11D3-BF4B-00C04F79EFBC}") = "GroupFunctionsLikeEmpleado", "GroupFunctionsLikeEmpleado\GroupFunctionsLikeEmpleado.csproj", "{A963A592-B25C-44A9-B7E0-832B30F1F13E}"
EndProject
Global
	GlobalSection(SolutionConfigurationPlatforms) = preSolution
		Debug|Any CPU = Debug|Any CPU
		Release|Any CPU = Release|Any CPU
	EndGlobalSection
	GlobalSection(ProjectConfigurationPlatforms) = postSolution
		{A963A592-B25C-44A9-B7E0-832B30F1F13E}.Debug|Any CPU.ActiveCfg = Debug|Any CPU
		{A963A592-B25C-44A9-B7E0-832B30F1F13E}.Debug|Any CPU.Build.0 = Debug|Any CPU
		{A963A592-B25C-44A9-B7E0-832B30F1F13E}.Release|Any CPU.ActiveCfg = Release|Any CPU
		{A963A592-B25C-44A9-B7E0-832B30F1F13E}.Release|Any CPU.Build.0 = Release|Any CPU
	EndGlobalSection
	GlobalSection(SolutionProperties) = preSolution
		HideSolutionNode = FALSE
	EndGlobalSection
	GlobalSection(ExtensibilityGlobals) = postSolution
		SolutionGuid = {4DEE455B-87D1-49CC-AA31-EB4A9999F7A7}
	EndGlobalSection
EndGlobal
