
Microsoft Visual Studio Solution File, Format Version 12.00
# Visual Studio Version 16
VisualStudioVersion = 16.0.31911.196
MinimumVisualStudioVersion = 10.0.40219.1
Project("{FAE04EC0-301F-11D3-BF4B-00C04F79EFBC}") = "WebApiAlumnoPractica", "WebApiAlumnoPractica\WebApiAlumnoPractica.csproj", "{18A3F7CC-B2B0-4E45-A36C-5A61DCDA8419}"
EndProject
Global
	GlobalSection(SolutionConfigurationPlatforms) = preSolution
		Debug|Any CPU = Debug|Any CPU
		Release|Any CPU = Release|Any CPU
	EndGlobalSection
	GlobalSection(ProjectConfigurationPlatforms) = postSolution
		{18A3F7CC-B2B0-4E45-A36C-5A61DCDA8419}.Debug|Any CPU.ActiveCfg = Debug|Any CPU
		{18A3F7CC-B2B0-4E45-A36C-5A61DCDA8419}.Debug|Any CPU.Build.0 = Debug|Any CPU
		{18A3F7CC-B2B0-4E45-A36C-5A61DCDA8419}.Release|Any CPU.ActiveCfg = Release|Any CPU
		{18A3F7CC-B2B0-4E45-A36C-5A61DCDA8419}.Release|Any CPU.Build.0 = Release|Any CPU
	EndGlobalSection
	GlobalSection(SolutionProperties) = preSolution
		HideSolutionNode = FALSE
	EndGlobalSection
	GlobalSection(ExtensibilityGlobals) = postSolution
		SolutionGuid = {BF365034-DFE3-431D-996D-CABCC8D51425}
	EndGlobalSection
EndGlobal
