
Microsoft Visual Studio Solution File, Format Version 12.00
# Visual Studio Version 16
VisualStudioVersion = 16.0.31321.278
MinimumVisualStudioVersion = 10.0.40219.1
Project("{FAE04EC0-301F-11D3-BF4B-00C04F79EFBC}") = "WinterIsOverNuget", "WinterIsOverNuget\WinterIsOverNuget.csproj", "{FDED587F-DDBA-4225-AF90-A03E5C9DC29A}"
EndProject
Global
	GlobalSection(SolutionConfigurationPlatforms) = preSolution
		Debug|Any CPU = Debug|Any CPU
		Release|Any CPU = Release|Any CPU
	EndGlobalSection
	GlobalSection(ProjectConfigurationPlatforms) = postSolution
		{FDED587F-DDBA-4225-AF90-A03E5C9DC29A}.Debug|Any CPU.ActiveCfg = Debug|Any CPU
		{FDED587F-DDBA-4225-AF90-A03E5C9DC29A}.Debug|Any CPU.Build.0 = Debug|Any CPU
		{FDED587F-DDBA-4225-AF90-A03E5C9DC29A}.Release|Any CPU.ActiveCfg = Release|Any CPU
		{FDED587F-DDBA-4225-AF90-A03E5C9DC29A}.Release|Any CPU.Build.0 = Release|Any CPU
	EndGlobalSection
	GlobalSection(SolutionProperties) = preSolution
		HideSolutionNode = FALSE
	EndGlobalSection
	GlobalSection(ExtensibilityGlobals) = postSolution
		SolutionGuid = {4AA27FBC-CF46-4A5A-BFB3-20B656395A45}
	EndGlobalSection
EndGlobal
