
Microsoft Visual Studio Solution File, Format Version 12.00
# Visual Studio Version 16
VisualStudioVersion = 16.0.31911.196
MinimumVisualStudioVersion = 10.0.40219.1
Project("{FAE04EC0-301F-11D3-BF4B-00C04F79EFBC}") = "MigracionXMLAlumnos", "MigracionXMLAlumnos\MigracionXMLAlumnos.csproj", "{1C4EB550-A80C-470C-91DD-11CD2DCE4D8B}"
EndProject
Global
	GlobalSection(SolutionConfigurationPlatforms) = preSolution
		Debug|Any CPU = Debug|Any CPU
		Release|Any CPU = Release|Any CPU
	EndGlobalSection
	GlobalSection(ProjectConfigurationPlatforms) = postSolution
		{1C4EB550-A80C-470C-91DD-11CD2DCE4D8B}.Debug|Any CPU.ActiveCfg = Debug|Any CPU
		{1C4EB550-A80C-470C-91DD-11CD2DCE4D8B}.Debug|Any CPU.Build.0 = Debug|Any CPU
		{1C4EB550-A80C-470C-91DD-11CD2DCE4D8B}.Release|Any CPU.ActiveCfg = Release|Any CPU
		{1C4EB550-A80C-470C-91DD-11CD2DCE4D8B}.Release|Any CPU.Build.0 = Release|Any CPU
	EndGlobalSection
	GlobalSection(SolutionProperties) = preSolution
		HideSolutionNode = FALSE
	EndGlobalSection
	GlobalSection(ExtensibilityGlobals) = postSolution
		SolutionGuid = {7F7E589B-C295-4C39-B3E2-679F29AC4C7F}
	EndGlobalSection
EndGlobal
