
Microsoft Visual Studio Solution File, Format Version 12.00
# Visual Studio Version 16
VisualStudioVersion = 16.0.31321.278
MinimumVisualStudioVersion = 10.0.40219.1
Project("{FAE04EC0-301F-11D3-BF4B-00C04F79EFBC}") = "MvcPruebaMetodosApiAdoPetToken", "MvcPruebaMetodosApiAdoPetToken\MvcPruebaMetodosApiAdoPetToken.csproj", "{3822B1AD-EB62-44A4-95EA-6FCD162813B6}"
EndProject
Global
	GlobalSection(SolutionConfigurationPlatforms) = preSolution
		Debug|Any CPU = Debug|Any CPU
		Release|Any CPU = Release|Any CPU
	EndGlobalSection
	GlobalSection(ProjectConfigurationPlatforms) = postSolution
		{3822B1AD-EB62-44A4-95EA-6FCD162813B6}.Debug|Any CPU.ActiveCfg = Debug|Any CPU
		{3822B1AD-EB62-44A4-95EA-6FCD162813B6}.Debug|Any CPU.Build.0 = Debug|Any CPU
		{3822B1AD-EB62-44A4-95EA-6FCD162813B6}.Release|Any CPU.ActiveCfg = Release|Any CPU
		{3822B1AD-EB62-44A4-95EA-6FCD162813B6}.Release|Any CPU.Build.0 = Release|Any CPU
	EndGlobalSection
	GlobalSection(SolutionProperties) = preSolution
		HideSolutionNode = FALSE
	EndGlobalSection
	GlobalSection(ExtensibilityGlobals) = postSolution
		SolutionGuid = {F58FCFE9-652F-4A70-A093-7D7CC7404D3A}
	EndGlobalSection
EndGlobal
