
Microsoft Visual Studio Solution File, Format Version 12.00
# Visual Studio Version 16
VisualStudioVersion = 16.0.31321.278
MinimumVisualStudioVersion = 10.0.40219.1
Project("{FAE04EC0-301F-11D3-BF4B-00C04F79EFBC}") = "ApiDoctoresRoutes", "ApiDoctoresRoutes\ApiDoctoresRoutes.csproj", "{947B1124-2F7C-4A19-9BD6-A510C0A6E9A2}"
EndProject
Global
	GlobalSection(SolutionConfigurationPlatforms) = preSolution
		Debug|Any CPU = Debug|Any CPU
		Release|Any CPU = Release|Any CPU
	EndGlobalSection
	GlobalSection(ProjectConfigurationPlatforms) = postSolution
		{947B1124-2F7C-4A19-9BD6-A510C0A6E9A2}.Debug|Any CPU.ActiveCfg = Debug|Any CPU
		{947B1124-2F7C-4A19-9BD6-A510C0A6E9A2}.Debug|Any CPU.Build.0 = Debug|Any CPU
		{947B1124-2F7C-4A19-9BD6-A510C0A6E9A2}.Release|Any CPU.ActiveCfg = Release|Any CPU
		{947B1124-2F7C-4A19-9BD6-A510C0A6E9A2}.Release|Any CPU.Build.0 = Release|Any CPU
	EndGlobalSection
	GlobalSection(SolutionProperties) = preSolution
		HideSolutionNode = FALSE
	EndGlobalSection
	GlobalSection(ExtensibilityGlobals) = postSolution
		SolutionGuid = {A01D1434-981E-4CC2-9274-FEE31F590178}
	EndGlobalSection
EndGlobal
