
Microsoft Visual Studio Solution File, Format Version 12.00
# Visual Studio Version 16
VisualStudioVersion = 16.0.31321.278
MinimumVisualStudioVersion = 10.0.40219.1
Project("{FAE04EC0-301F-11D3-BF4B-00C04F79EFBC}") = "MvcCoreServiceBus", "MvcCoreServiceBus\MvcCoreServiceBus.csproj", "{E2EE4AEF-4672-4343-B0E5-3D15A67FB509}"
EndProject
Global
	GlobalSection(SolutionConfigurationPlatforms) = preSolution
		Debug|Any CPU = Debug|Any CPU
		Release|Any CPU = Release|Any CPU
	EndGlobalSection
	GlobalSection(ProjectConfigurationPlatforms) = postSolution
		{E2EE4AEF-4672-4343-B0E5-3D15A67FB509}.Debug|Any CPU.ActiveCfg = Debug|Any CPU
		{E2EE4AEF-4672-4343-B0E5-3D15A67FB509}.Debug|Any CPU.Build.0 = Debug|Any CPU
		{E2EE4AEF-4672-4343-B0E5-3D15A67FB509}.Release|Any CPU.ActiveCfg = Release|Any CPU
		{E2EE4AEF-4672-4343-B0E5-3D15A67FB509}.Release|Any CPU.Build.0 = Release|Any CPU
	EndGlobalSection
	GlobalSection(SolutionProperties) = preSolution
		HideSolutionNode = FALSE
	EndGlobalSection
	GlobalSection(ExtensibilityGlobals) = postSolution
		SolutionGuid = {9CF8D99A-B207-4121-B63E-661F2A3B9A18}
	EndGlobalSection
EndGlobal
